
Microsoft Visual Studio Solution File, Format Version 11.00
# Visual Studio 2010
Project("{8BC9CEB8-8B4A-11D0-8D11-00A0C91BC942}") = "gameEngine", "gameEngine\gameEngine.vcxproj", "{A526AF0C-9EE5-41B5-BBED-E849FF0AF15A}"
EndProject
Global
	GlobalSection(SolutionConfigurationPlatforms) = preSolution
		Debug|Win32 = Debug|Win32
		Release|Win32 = Release|Win32
	EndGlobalSection
	GlobalSection(ProjectConfigurationPlatforms) = postSolution
		{A526AF0C-9EE5-41B5-BBED-E849FF0AF15A}.Debug|Win32.ActiveCfg = Debug|Win32
		{A526AF0C-9EE5-41B5-BBED-E849FF0AF15A}.Debug|Win32.Build.0 = Debug|Win32
		{A526AF0C-9EE5-41B5-BBED-E849FF0AF15A}.Release|Win32.ActiveCfg = Release|Win32
		{A526AF0C-9EE5-41B5-BBED-E849FF0AF15A}.Release|Win32.Build.0 = Release|Win32
	EndGlobalSection
	GlobalSection(SolutionProperties) = preSolution
		HideSolutionNode = FALSE
	EndGlobalSection
EndGlobal
